// !$*UTF8*$!
{
	archiveVersion = 1;
	classes = {
	};
	objectVersion = 46;
	objects = {

/* Begin PBXBuildFile section */
		133E797D1E852FD100013018 /* AppDelegate.swift in Sources */ = {isa = PBXBuildFile; fileRef = 133E797C1E852FD100013018 /* AppDelegate.swift */; };
		133E797F1E852FD100013018 /* ViewController.swift in Sources */ = {isa = PBXBuildFile; fileRef = 133E797E1E852FD100013018 /* ViewController.swift */; };
		133E79821E852FD100013018 /* Main.storyboard in Resources */ = {isa = PBXBuildFile; fileRef = 133E79801E852FD100013018 /* Main.storyboard */; };
		133E79841E852FD100013018 /* Assets.xcassets in Resources */ = {isa = PBXBuildFile; fileRef = 133E79831E852FD100013018 /* Assets.xcassets */; };
		133E79871E852FD100013018 /* LaunchScreen.storyboard in Resources */ = {isa = PBXBuildFile; fileRef = 133E79851E852FD100013018 /* LaunchScreen.storyboard */; };
		133E79921E852FD100013018 /* LoanCalculateTests.swift in Sources */ = {isa = PBXBuildFile; fileRef = 133E79911E852FD100013018 /* LoanCalculateTests.swift */; };
/* End PBXBuildFile section */

/* Begin PBXContainerItemProxy section */
		133E798E1E852FD100013018 /* PBXContainerItemProxy */ = {
			isa = PBXContainerItemProxy;
			containerPortal = 133E79711E852FD100013018 /* Project object */;
			proxyType = 1;
			remoteGlobalIDString = 133E79781E852FD100013018;
			remoteInfo = LoanCalculate;
		};
/* End PBXContainerItemProxy section */

/* Begin PBXFileReference section */
		133E79791E852FD100013018 /* LoanCalculate.app */ = {isa = PBXFileReference; explicitFileType = wrapper.application; includeInIndex = 0; path = LoanCalculate.app; sourceTree = BUILT_PRODUCTS_DIR; };
		133E797C1E852FD100013018 /* AppDelegate.swift */ = {isa = PBXFileReference; lastKnownFileType = sourcecode.swift; path = AppDelegate.swift; sourceTree = "<group>"; };
		133E797E1E852FD100013018 /* ViewController.swift */ = {isa = PBXFileReference; lastKnownFileType = sourcecode.swift; path = ViewController.swift; sourceTree = "<group>"; };
		133E79811E852FD100013018 /* Base */ = {isa = PBXFileReference; lastKnownFileType = file.storyboard; name = Base; path = Base.lproj/Main.storyboard; sourceTree = "<group>"; };
		133E79831E852FD100013018 /* Assets.xcassets */ = {isa = PBXFileReference; lastKnownFileType = folder.assetcatalog; path = Assets.xcassets; sourceTree = "<group>"; };
		133E79861E852FD100013018 /* Base */ = {isa = PBXFileReference; lastKnownFileType = file.storyboard; name = Base; path = Base.lproj/LaunchScreen.storyboard; sourceTree = "<group>"; };
		133E79881E852FD100013018 /* Info.plist */ = {isa = PBXFileReference; lastKnownFileType = text.plist.xml; path = Info.plist; sourceTree = "<group>"; };
		133E798D1E852FD100013018 /* LoanCalculateTests.xctest */ = {isa = PBXFileReference; explicitFileType = wrapper.cfbundle; includeInIndex = 0; path = LoanCalculateTests.xctest; sourceTree = BUILT_PRODUCTS_DIR; };
		133E79911E852FD100013018 /* LoanCalculateTests.swift */ = {isa = PBXFileReference; lastKnownFileType = sourcecode.swift; path = LoanCalculateTests.swift; sourceTree = "<group>"; };
		133E79931E852FD100013018 /* Info.plist */ = {isa = PBXFileReference; lastKnownFileType = text.plist.xml; path = Info.plist; sourceTree = "<group>"; };
/* End PBXFileReference section */

/* Begin PBXFrameworksBuildPhase section */
		133E79761E852FD100013018 /* Frameworks */ = {
			isa = PBXFrameworksBuildPhase;
			buildActionMask = 2147483647;
			files = (
			);
			runOnlyForDeploymentPostprocessing = 0;
		};
		133E798A1E852FD100013018 /* Frameworks */ = {
			isa = PBXFrameworksBuildPhase;
			buildActionMask = 2147483647;
			files = (
			);
			runOnlyForDeploymentPostprocessing = 0;
		};
/* End PBXFrameworksBuildPhase section */

/* Begin PBXGroup section */
		133E79701E852FD100013018 = {
			isa = PBXGroup;
			children = (
				133E797B1E852FD100013018 /* LoanCalculate */,
				133E79901E852FD100013018 /* LoanCalculateTests */,
				133E797A1E852FD100013018 /* Products */,
			);
			sourceTree = "<group>";
		};
		133E797A1E852FD100013018 /* Products */ = {
			isa = PBXGroup;
			children = (
				133E79791E852FD100013018 /* LoanCalculate.app */,
				133E798D1E852FD100013018 /* LoanCalculateTests.xctest */,
			);
			name = Products;
			sourceTree = "<group>";
		};
		133E797B1E852FD100013018 /* LoanCalculate */ = {
			isa = PBXGroup;
			children = (
				133E797C1E852FD100013018 /* AppDelegate.swift */,
				133E797E1E852FD100013018 /* ViewController.swift */,
				133E79801E852FD100013018 /* Main.storyboard */,
				133E79831E852FD100013018 /* Assets.xcassets */,
				133E79851E852FD100013018 /* LaunchScreen.storyboard */,
				133E79881E852FD100013018 /* Info.plist */,
			);
			path = LoanCalculate;
			sourceTree = "<group>";
		};
		133E79901E852FD100013018 /* LoanCalculateTests */ = {
			isa = PBXGroup;
			children = (
				133E79911E852FD100013018 /* LoanCalculateTests.swift */,
				133E79931E852FD100013018 /* Info.plist */,
			);
			path = LoanCalculateTests;
			sourceTree = "<group>";
		};
/* End PBXGroup section */

/* Begin PBXNativeTarget section */
		133E79781E852FD100013018 /* LoanCalculate */ = {
			isa = PBXNativeTarget;
			buildConfigurationList = 133E79961E852FD100013018 /* Build configuration list for PBXNativeTarget "LoanCalculate" */;
			buildPhases = (
				133E79751E852FD100013018 /* Sources */,
				133E79761E852FD100013018 /* Frameworks */,
				133E79771E852FD100013018 /* Resources */,
			);
			buildRules = (
			);
			dependencies = (
			);
			name = LoanCalculate;
			productName = LoanCalculate;
			productReference = 133E79791E852FD100013018 /* LoanCalculate.app */;
			productType = "com.apple.product-type.application";
		};
		133E798C1E852FD100013018 /* LoanCalculateTests */ = {
			isa = PBXNativeTarget;
			buildConfigurationList = 133E79991E852FD100013018 /* Build configuration list for PBXNativeTarget "LoanCalculateTests" */;
			buildPhases = (
				133E79891E852FD100013018 /* Sources */,
				133E798A1E852FD100013018 /* Frameworks */,
				133E798B1E852FD100013018 /* Resources */,
			);
			buildRules = (
			);
			dependencies = (
				133E798F1E852FD100013018 /* PBXTargetDependency */,
			);
			name = LoanCalculateTests;
			productName = LoanCalculateTests;
			productReference = 133E798D1E852FD100013018 /* LoanCalculateTests.xctest */;
			productType = "com.apple.product-type.bundle.unit-test";
		};
/* End PBXNativeTarget section */

/* Begin PBXProject section */
		133E79711E852FD100013018 /* Project object */ = {
			isa = PBXProject;
			attributes = {
				LastSwiftUpdateCheck = 0820;
				LastUpgradeCheck = 0820;
				ORGANIZATIONNAME = "上海海洋大学";
				TargetAttributes = {
					133E79781E852FD100013018 = {
						CreatedOnToolsVersion = 8.2.1;
						ProvisioningStyle = Automatic;
					};
					133E798C1E852FD100013018 = {
						CreatedOnToolsVersion = 8.2.1;
						ProvisioningStyle = Automatic;
						TestTargetID = 133E79781E852FD100013018;
					};
				};
			};
			buildConfigurationList = 133E79741E852FD100013018 /* Build configuration list for PBXProject "LoanCalculate" */;
			compatibilityVersion = "Xcode 3.2";
			developmentRegion = English;
			hasScannedForEncodings = 0;
			knownRegions = (
				en,
				Base,
			);
			mainGroup = 133E79701E852FD100013018;
			productRefGroup = 133E797A1E852FD100013018 /* Products */;
			projectDirPath = "";
			projectRoot = "";
			targets = (
				133E79781E852FD100013018 /* LoanCalculate */,
				133E798C1E852FD100013018 /* LoanCalculateTests */,
			);
		};
/* End PBXProject section */

/* Begin PBXResourcesBuildPhase section */
		133E79771E852FD100013018 /* Resources */ = {
			isa = PBXResourcesBuildPhase;
			buildActionMask = 2147483647;
			files = (
				133E79871E852FD100013018 /* LaunchScreen.storyboard in Resources */,
				133E79841E852FD100013018 /* Assets.xcassets in Resources */,
				133E79821E852FD100013018 /* Main.storyboard in Resources */,
			);
			runOnlyForDeploymentPostprocessing = 0;
		};
		133E798B1E852FD100013018 /* Resources */ = {
			isa = PBXResourcesBuildPhase;
			buildActionMask = 2147483647;
			files = (
			);
			runOnlyForDeploymentPostprocessing = 0;
		};
/* End PBXResourcesBuildPhase section */

/* Begin PBXSourcesBuildPhase section */
		133E79751E852FD100013018 /* Sources */ = {
			isa = PBXSourcesBuildPhase;
			buildActionMask = 2147483647;
			files = (
				133E797F1E852FD100013018 /* ViewController.swift in Sources */,
				133E797D1E852FD100013018 /* AppDelegate.swift in Sources */,
			);
			runOnlyForDeploymentPostprocessing = 0;
		};
		133E79891E852FD100013018 /* Sources */ = {
			isa = PBXSourcesBuildPhase;
			buildActionMask = 2147483647;
			files = (
				133E79921E852FD100013018 /* LoanCalculateTests.swift in Sources */,
			);
			runOnlyForDeploymentPostprocessing = 0;
		};
/* End PBXSourcesBuildPhase section */

/* Begin PBXTargetDependency section */
		133E798F1E852FD100013018 /* PBXTargetDependency */ = {
			isa = PBXTargetDependency;
			target = 133E79781E852FD100013018 /* LoanCalculate */;
			targetProxy = 133E798E1E852FD100013018 /* PBXContainerItemProxy */;
		};
/* End PBXTargetDependency section */

/* Begin PBXVariantGroup section */
		133E79801E852FD100013018 /* Main.storyboard */ = {
			isa = PBXVariantGroup;
			children = (
				133E79811E852FD100013018 /* Base */,
			);
			name = Main.storyboard;
			sourceTree = "<group>";
		};
		133E79851E852FD100013018 /* LaunchScreen.storyboard */ = {
			isa = PBXVariantGroup;
			children = (
				133E79861E852FD100013018 /* Base */,
			);
			name = LaunchScreen.storyboard;
			sourceTree = "<group>";
		};
/* End PBXVariantGroup section */

/* Begin XCBuildConfiguration section */
		133E79941E852FD100013018 /* Debug */ = {
			isa = XCBuildConfiguration;
			buildSettings = {
				ALWAYS_SEARCH_USER_PATHS = NO;
				CLANG_ANALYZER_NONNULL = YES;
				CLANG_CXX_LANGUAGE_STANDARD = "gnu++0x";
				CLANG_CXX_LIBRARY = "libc++";
				CLANG_ENABLE_MODULES = YES;
				CLANG_ENABLE_OBJC_ARC = YES;
				CLANG_WARN_BOOL_CONVERSION = YES;
				CLANG_WARN_CONSTANT_CONVERSION = YES;
				CLANG_WARN_DIRECT_OBJC_ISA_USAGE = YES_ERROR;
				CLANG_WARN_DOCUMENTATION_COMMENTS = YES;
				CLANG_WARN_EMPTY_BODY = YES;
				CLANG_WARN_ENUM_CONVERSION = YES;
				CLANG_WARN_INFINITE_RECURSION = YES;
				CLANG_WARN_INT_CONVERSION = YES;
				CLANG_WARN_OBJC_ROOT_CLASS = YES_ERROR;
				CLANG_WARN_SUSPICIOUS_MOVE = YES;
				CLANG_WARN_UNREACHABLE_CODE = YES;
				CLANG_WARN__DUPLICATE_METHOD_MATCH = YES;
				"CODE_SIGN_IDENTITY[sdk=iphoneos*]" = "iPhone Developer";
				COPY_PHASE_STRIP = NO;
				DEBUG_INFORMATION_FORMAT = dwarf;
				ENABLE_STRICT_OBJC_MSGSEND = YES;
				ENABLE_TESTABILITY = YES;
				GCC_C_LANGUAGE_STANDARD = gnu99;
				GCC_DYNAMIC_NO_PIC = NO;
				GCC_NO_COMMON_BLOCKS = YES;
				GCC_OPTIMIZATION_LEVEL = 0;
				GCC_PREPROCESSOR_DEFINITIONS = (
					"DEBUG=1",
					"$(inherited)",
				);
				GCC_WARN_64_TO_32_BIT_CONVERSION = YES;
				GCC_WARN_ABOUT_RETURN_TYPE = YES_ERROR;
				GCC_WARN_UNDECLARED_SELECTOR = YES;
				GCC_WARN_UNINITIALIZED_AUTOS = YES_AGGRESSIVE;
				GCC_WARN_UNUSED_FUNCTION = YES;
				GCC_WARN_UNUSED_VARIABLE = YES;
				IPHONEOS_DEPLOYMENT_TARGET = 10.2;
				MTL_ENABLE_DEBUG_INFO = YES;
				ONLY_ACTIVE_ARCH = YES;
				SDKROOT = iphoneos;
				SWIFT_ACTIVE_COMPILATION_CONDITIONS = DEBUG;
				SWIFT_OPTIMIZATION_LEVEL = "-Onone";
				TARGETED_DEVICE_FAMILY = "1,2";
			};
			name = Debug;
		};
		133E79951E852FD100013018 /* Release */ = {
			isa = XCBuildConfiguration;
			buildSettings = {
				ALWAYS_SEARCH_USER_PATHS = NO;
				CLANG_ANALYZER_NONNULL = YES;
				CLANG_CXX_LANGUAGE_STANDARD = "gnu++0x";
				CLANG_CXX_LIBRARY = "libc++";
				CLANG_ENABLE_MODULES = YES;
				CLANG_ENABLE_OBJC_ARC = YES;
				CLANG_WARN_BOOL_CONVERSION = YES;
				CLANG_WARN_CONSTANT_CONVERSION = YES;
				CLANG_WARN_DIRECT_OBJC_ISA_USAGE = YES_ERROR;
				CLANG_WARN_DOCUMENTATION_COMMENTS = YES;
				CLANG_WARN_EMPTY_BODY = YES;
				CLANG_WARN_ENUM_CONVERSION = YES;
				CLANG_WARN_INFINITE_RECURSION = YES;
				CLANG_WARN_INT_CONVERSION = YES;
				CLANG_WARN_OBJC_ROOT_CLASS = YES_ERROR;
				CLANG_WARN_SUSPICIOUS_MOVE = YES;
				CLANG_WARN_UNREACHABLE_CODE = YES;
				CLANG_WARN__DUPLICATE_METHOD_MATCH = YES;
				"CODE_SIGN_IDENTITY[sdk=iphoneos*]" = "iPhone Developer";
				COPY_PHASE_STRIP = NO;
				DEBUG_INFORMATION_FORMAT = "dwarf-with-dsym";
				ENABLE_NS_ASSERTIONS = NO;
				ENABLE_STRICT_OBJC_MSGSEND = YES;
				GCC_C_LANGUAGE_STANDARD = gnu99;
				GCC_NO_COMMON_BLOCKS = YES;
				GCC_WARN_64_TO_32_BIT_CONVERSION = YES;
				GCC_WARN_ABOUT_RETURN_TYPE = YES_ERROR;
				GCC_WARN_UNDECLARED_SELECTOR = YES;
				GCC_WARN_UNINITIALIZED_AUTOS = YES_AGGRESSIVE;
				GCC_WARN_UNUSED_FUNCTION = YES;
				GCC_WARN_UNUSED_VARIABLE = YES;
				IPHONEOS_DEPLOYMENT_TARGET = 10.2;
				MTL_ENABLE_DEBUG_INFO = NO;
				SDKROOT = iphoneos;
				SWIFT_OPTIMIZATION_LEVEL = "-Owholemodule";
				TARGETED_DEVICE_FAMILY = "1,2";
				VALIDATE_PRODUCT = YES;
			};
			name = Release;
		};
		133E79971E852FD100013018 /* Debug */ = {
			isa = XCBuildConfiguration;
			buildSettings = {
				ASSETCATALOG_COMPILER_APPICON_NAME = AppIcon;
				INFOPLIST_FILE = LoanCalculate/Info.plist;
				LD_RUNPATH_SEARCH_PATHS = "$(inherited) @executable_path/Frameworks";
				PRODUCT_BUNDLE_IDENTIFIER = ios.LoanCalculate;
				PRODUCT_NAME = "$(TARGET_NAME)";
				SWIFT_VERSION = 3.0;
			};
			name = Debug;
		};
		133E79981E852FD100013018 /* Release */ = {
			isa = XCBuildConfiguration;
			buildSettings = {
				ASSETCATALOG_COMPILER_APPICON_NAME = AppIcon;
				INFOPLIST_FILE = LoanCalculate/Info.plist;
				LD_RUNPATH_SEARCH_PATHS = "$(inherited) @executable_path/Frameworks";
				PRODUCT_BUNDLE_IDENTIFIER = ios.LoanCalculate;
				PRODUCT_NAME = "$(TARGET_NAME)";
				SWIFT_VERSION = 3.0;
			};
			name = Release;
		};
		133E799A1E852FD100013018 /* Debug */ = {
			isa = XCBuildConfiguration;
			buildSettings = {
				ALWAYS_EMBED_SWIFT_STANDARD_LIBRARIES = YES;
				BUNDLE_LOADER = "$(TEST_HOST)";
				INFOPLIST_FILE = LoanCalculateTests/Info.plist;
				LD_RUNPATH_SEARCH_PATHS = "$(inherited) @executable_path/Frameworks @loader_path/Frameworks";
				PRODUCT_BUNDLE_IDENTIFIER = ios.LoanCalculateTests;
				PRODUCT_NAME = "$(TARGET_NAME)";
				SWIFT_VERSION = 3.0;
				TEST_HOST = "$(BUILT_PRODUCTS_DIR)/LoanCalculate.app/LoanCalculate";
			};
			name = Debug;
		};
		133E799B1E852FD100013018 /* Release */ = {
			isa = XCBuildConfiguration;
			buildSettings = {
				ALWAYS_EMBED_SWIFT_STANDARD_LIBRARIES = YES;
				BUNDLE_LOADER = "$(TEST_HOST)";
				INFOPLIST_FILE = LoanCalculateTests/Info.plist;
				LD_RUNPATH_SEARCH_PATHS = "$(inherited) @executable_path/Frameworks @loader_path/Frameworks";
				PRODUCT_BUNDLE_IDENTIFIER = ios.LoanCalculateTests;
				PRODUCT_NAME = "$(TARGET_NAME)";
				SWIFT_VERSION = 3.0;
				TEST_HOST = "$(BUILT_PRODUCTS_DIR)/LoanCalculate.app/LoanCalculate";
			};
			name = Release;
		};
/* End XCBuildConfiguration section */

/* Begin XCConfigurationList section */
		133E79741E852FD100013018 /* Build configuration list for PBXProject "LoanCalculate" */ = {
			isa = XCConfigurationList;
			buildConfigurations = (
				133E79941E852FD100013018 /* Debug */,
				133E79951E852FD100013018 /* Release */,
			);
			defaultConfigurationIsVisible = 0;
			defaultConfigurationName = Release;
		};
		133E79961E852FD100013018 /* Build configuration list for PBXNativeTarget "LoanCalculate" */ = {
			isa = XCConfigurationList;
			buildConfigurations = (
				133E79971E852FD100013018 /* Debug */,
				133E79981E852FD100013018 /* Release */,
			);
			defaultConfigurationIsVisible = 0;
		};
		133E79991E852FD100013018 /* Build configuration list for PBXNativeTarget "LoanCalculateTests" */ = {
			isa = XCConfigurationList;
			buildConfigurations = (
				133E799A1E852FD100013018 /* Debug */,
				133E799B1E852FD100013018 /* Release */,
			);
			defaultConfigurationIsVisible = 0;
		};
/* End XCConfigurationList section */
	};
	rootObject = 133E79711E852FD100013018 /* Project object */;
}
